
Microsoft Visual Studio Solution File, Format Version 12.00
# Visual Studio Version 17
VisualStudioVersion = 17.10.35013.160
MinimumVisualStudioVersion = 10.0.40219.1
Project("{FAE04EC0-301F-11D3-BF4B-00C04F79EFBC}") = "TeleperformanceTask", "TeleperformanceTask\TeleperformanceTask.csproj", "{075B0B78-1803-4584-96D7-7076F098730B}"
EndProject
Project("{E53339B2-1760-4266-BCC7-CA923CBCF16C}") = "docker-compose", "docker-compose.dcproj", "{09E3FAB4-9484-4658-847E-E40548C89581}"
EndProject
Global
	GlobalSection(SolutionConfigurationPlatforms) = preSolution
		Debug|Any CPU = Debug|Any CPU
		Release|Any CPU = Release|Any CPU
	EndGlobalSection
	GlobalSection(ProjectConfigurationPlatforms) = postSolution
		{075B0B78-1803-4584-96D7-7076F098730B}.Debug|Any CPU.ActiveCfg = Debug|Any CPU
		{075B0B78-1803-4584-96D7-7076F098730B}.Debug|Any CPU.Build.0 = Debug|Any CPU
		{075B0B78-1803-4584-96D7-7076F098730B}.Release|Any CPU.ActiveCfg = Release|Any CPU
		{075B0B78-1803-4584-96D7-7076F098730B}.Release|Any CPU.Build.0 = Release|Any CPU
		{09E3FAB4-9484-4658-847E-E40548C89581}.Debug|Any CPU.ActiveCfg = Debug|Any CPU
		{09E3FAB4-9484-4658-847E-E40548C89581}.Debug|Any CPU.Build.0 = Debug|Any CPU
		{09E3FAB4-9484-4658-847E-E40548C89581}.Release|Any CPU.ActiveCfg = Release|Any CPU
		{09E3FAB4-9484-4658-847E-E40548C89581}.Release|Any CPU.Build.0 = Release|Any CPU
	EndGlobalSection
	GlobalSection(SolutionProperties) = preSolution
		HideSolutionNode = FALSE
	EndGlobalSection
	GlobalSection(ExtensibilityGlobals) = postSolution
		SolutionGuid = {84F5A81F-DBE2-45F8-9F65-8A5976EDB8A6}
	EndGlobalSection
EndGlobal
